
Microsoft Visual Studio Solution File, Format Version 12.00
# Visual Studio Version 16
VisualStudioVersion = 16.0.29806.167
MinimumVisualStudioVersion = 10.0.40219.1
Project("{9A19103F-16F7-4668-BE54-9A1E7A4F7556}") = "APIGateway", "APIGateway\APIGateway.csproj", "{7DCC9C65-9830-4AB5-8AA9-563F9231C226}"
EndProject
Project("{9A19103F-16F7-4668-BE54-9A1E7A4F7556}") = "ServicePost", "ServicePost\ServicePost.csproj", "{4BF3249C-343D-461D-B050-DC42AE00424B}"
EndProject
Project("{9A19103F-16F7-4668-BE54-9A1E7A4F7556}") = "ImageApi", "ImageApi\ImageApi.csproj", "{ECDC15BA-F6CB-476A-AF36-920A9190CC78}"
EndProject
Project("{9A19103F-16F7-4668-BE54-9A1E7A4F7556}") = "TestServicePost", "TestServicePost\TestServicePost.csproj", "{C65C587C-C294-4F05-9AD5-47B45FCA4D13}"
EndProject
Project("{E53339B2-1760-4266-BCC7-CA923CBCF16C}") = "docker-compose", "docker-compose.dcproj", "{741C3876-D12F-47AA-9FDA-2A08D6E6D2D4}"
EndProject
Project("{9A19103F-16F7-4668-BE54-9A1E7A4F7556}") = "ServiceReport", "ServiceReport\ServiceReport.csproj", "{6466CBB4-157D-4CF2-AE1F-2F163E636C92}"
EndProject
Project("{FAE04EC0-301F-11D3-BF4B-00C04F79EFBC}") = "ServiceComment", "ServiceComments\ServiceComment.csproj", "{2837DA70-0ACD-43F4-86EA-2920BBD8CC36}"
EndProject
Global
	GlobalSection(SolutionConfigurationPlatforms) = preSolution
		Debug|Any CPU = Debug|Any CPU
		Release|Any CPU = Release|Any CPU
	EndGlobalSection
	GlobalSection(ProjectConfigurationPlatforms) = postSolution
		{7DCC9C65-9830-4AB5-8AA9-563F9231C226}.Debug|Any CPU.ActiveCfg = Debug|Any CPU
		{7DCC9C65-9830-4AB5-8AA9-563F9231C226}.Debug|Any CPU.Build.0 = Debug|Any CPU
		{7DCC9C65-9830-4AB5-8AA9-563F9231C226}.Release|Any CPU.ActiveCfg = Release|Any CPU
		{7DCC9C65-9830-4AB5-8AA9-563F9231C226}.Release|Any CPU.Build.0 = Release|Any CPU
		{4BF3249C-343D-461D-B050-DC42AE00424B}.Debug|Any CPU.ActiveCfg = Debug|Any CPU
		{4BF3249C-343D-461D-B050-DC42AE00424B}.Debug|Any CPU.Build.0 = Debug|Any CPU
		{4BF3249C-343D-461D-B050-DC42AE00424B}.Release|Any CPU.ActiveCfg = Release|Any CPU
		{4BF3249C-343D-461D-B050-DC42AE00424B}.Release|Any CPU.Build.0 = Release|Any CPU
		{ECDC15BA-F6CB-476A-AF36-920A9190CC78}.Debug|Any CPU.ActiveCfg = Debug|Any CPU
		{ECDC15BA-F6CB-476A-AF36-920A9190CC78}.Debug|Any CPU.Build.0 = Debug|Any CPU
		{ECDC15BA-F6CB-476A-AF36-920A9190CC78}.Release|Any CPU.ActiveCfg = Release|Any CPU
		{ECDC15BA-F6CB-476A-AF36-920A9190CC78}.Release|Any CPU.Build.0 = Release|Any CPU
		{C65C587C-C294-4F05-9AD5-47B45FCA4D13}.Debug|Any CPU.ActiveCfg = Debug|Any CPU
		{C65C587C-C294-4F05-9AD5-47B45FCA4D13}.Debug|Any CPU.Build.0 = Debug|Any CPU
		{C65C587C-C294-4F05-9AD5-47B45FCA4D13}.Release|Any CPU.ActiveCfg = Release|Any CPU
		{C65C587C-C294-4F05-9AD5-47B45FCA4D13}.Release|Any CPU.Build.0 = Release|Any CPU
		{741C3876-D12F-47AA-9FDA-2A08D6E6D2D4}.Debug|Any CPU.ActiveCfg = Debug|Any CPU
		{741C3876-D12F-47AA-9FDA-2A08D6E6D2D4}.Debug|Any CPU.Build.0 = Debug|Any CPU
		{741C3876-D12F-47AA-9FDA-2A08D6E6D2D4}.Release|Any CPU.ActiveCfg = Release|Any CPU
		{741C3876-D12F-47AA-9FDA-2A08D6E6D2D4}.Release|Any CPU.Build.0 = Release|Any CPU
		{6466CBB4-157D-4CF2-AE1F-2F163E636C92}.Debug|Any CPU.ActiveCfg = Debug|Any CPU
		{6466CBB4-157D-4CF2-AE1F-2F163E636C92}.Debug|Any CPU.Build.0 = Debug|Any CPU
		{6466CBB4-157D-4CF2-AE1F-2F163E636C92}.Release|Any CPU.ActiveCfg = Release|Any CPU
		{6466CBB4-157D-4CF2-AE1F-2F163E636C92}.Release|Any CPU.Build.0 = Release|Any CPU
		{2837DA70-0ACD-43F4-86EA-2920BBD8CC36}.Debug|Any CPU.ActiveCfg = Debug|Any CPU
		{2837DA70-0ACD-43F4-86EA-2920BBD8CC36}.Debug|Any CPU.Build.0 = Debug|Any CPU
		{2837DA70-0ACD-43F4-86EA-2920BBD8CC36}.Release|Any CPU.ActiveCfg = Release|Any CPU
		{2837DA70-0ACD-43F4-86EA-2920BBD8CC36}.Release|Any CPU.Build.0 = Release|Any CPU
	EndGlobalSection
	GlobalSection(SolutionProperties) = preSolution
		HideSolutionNode = FALSE
	EndGlobalSection
	GlobalSection(ExtensibilityGlobals) = postSolution
		SolutionGuid = {8EBD0355-0096-4EFB-AEB4-A79468C6590D}
	EndGlobalSection
EndGlobal
